
Microsoft Visual Studio Solution File, Format Version 12.00
# Visual Studio 15
VisualStudioVersion = 15.0.28307.1169
MinimumVisualStudioVersion = 10.0.40219.1
Project("{FAE04EC0-301F-11D3-BF4B-00C04F79EFBC}") = "RozetkaTesting", "RozetkaTesting\RozetkaTesting.csproj", "{1DE5BC15-5D85-4DCE-8C93-D9FAA696D759}"
EndProject
Project("{FAE04EC0-301F-11D3-BF4B-00C04F79EFBC}") = "ParallelTests", "ParallelTests\ParallelTests.csproj", "{5AA1504D-C8C4-4901-A745-C60F80CC9CEA}"
EndProject
Project("{FAE04EC0-301F-11D3-BF4B-00C04F79EFBC}") = "RestSharpDemo", "RestSharpDemo\RestSharpDemo.csproj", "{DA387F53-E34C-48E1-A218-2B3DD199F638}"
EndProject
Project("{FAE04EC0-301F-11D3-BF4B-00C04F79EFBC}") = "FloodIO", "FloodIO\FloodIO.csproj", "{B5BA3692-13F6-490F-859B-E94DDF484B79}"
EndProject
Project("{FAE04EC0-301F-11D3-BF4B-00C04F79EFBC}") = "SpecFlow", "SpecFlow\SpecFlow.csproj", "{743B9810-F849-4B54-8760-1ACEBD8B2289}"
EndProject
Global
	GlobalSection(SolutionConfigurationPlatforms) = preSolution
		Debug|Any CPU = Debug|Any CPU
		Release|Any CPU = Release|Any CPU
	EndGlobalSection
	GlobalSection(ProjectConfigurationPlatforms) = postSolution
		{1DE5BC15-5D85-4DCE-8C93-D9FAA696D759}.Debug|Any CPU.ActiveCfg = Debug|Any CPU
		{1DE5BC15-5D85-4DCE-8C93-D9FAA696D759}.Debug|Any CPU.Build.0 = Debug|Any CPU
		{1DE5BC15-5D85-4DCE-8C93-D9FAA696D759}.Release|Any CPU.ActiveCfg = Release|Any CPU
		{1DE5BC15-5D85-4DCE-8C93-D9FAA696D759}.Release|Any CPU.Build.0 = Release|Any CPU
		{5AA1504D-C8C4-4901-A745-C60F80CC9CEA}.Debug|Any CPU.ActiveCfg = Debug|Any CPU
		{5AA1504D-C8C4-4901-A745-C60F80CC9CEA}.Debug|Any CPU.Build.0 = Debug|Any CPU
		{5AA1504D-C8C4-4901-A745-C60F80CC9CEA}.Release|Any CPU.ActiveCfg = Release|Any CPU
		{5AA1504D-C8C4-4901-A745-C60F80CC9CEA}.Release|Any CPU.Build.0 = Release|Any CPU
		{DA387F53-E34C-48E1-A218-2B3DD199F638}.Debug|Any CPU.ActiveCfg = Debug|Any CPU
		{DA387F53-E34C-48E1-A218-2B3DD199F638}.Debug|Any CPU.Build.0 = Debug|Any CPU
		{DA387F53-E34C-48E1-A218-2B3DD199F638}.Release|Any CPU.ActiveCfg = Release|Any CPU
		{DA387F53-E34C-48E1-A218-2B3DD199F638}.Release|Any CPU.Build.0 = Release|Any CPU
		{B5BA3692-13F6-490F-859B-E94DDF484B79}.Debug|Any CPU.ActiveCfg = Debug|Any CPU
		{B5BA3692-13F6-490F-859B-E94DDF484B79}.Debug|Any CPU.Build.0 = Debug|Any CPU
		{B5BA3692-13F6-490F-859B-E94DDF484B79}.Release|Any CPU.ActiveCfg = Release|Any CPU
		{B5BA3692-13F6-490F-859B-E94DDF484B79}.Release|Any CPU.Build.0 = Release|Any CPU
		{743B9810-F849-4B54-8760-1ACEBD8B2289}.Debug|Any CPU.ActiveCfg = Debug|Any CPU
		{743B9810-F849-4B54-8760-1ACEBD8B2289}.Debug|Any CPU.Build.0 = Debug|Any CPU
		{743B9810-F849-4B54-8760-1ACEBD8B2289}.Release|Any CPU.ActiveCfg = Release|Any CPU
		{743B9810-F849-4B54-8760-1ACEBD8B2289}.Release|Any CPU.Build.0 = Release|Any CPU
	EndGlobalSection
	GlobalSection(SolutionProperties) = preSolution
		HideSolutionNode = FALSE
	EndGlobalSection
	GlobalSection(ExtensibilityGlobals) = postSolution
		SolutionGuid = {05B3941E-07A2-4A1A-AADB-9AB3924678E9}
	EndGlobalSection
EndGlobal
